Microsoft Visual Studio Solution File, Format Version 11.00
# Visual Studio 2008

Project("{DAD47160-9860-333A-FF2F-56C319E41220}") = "UnityGameJam", "Assembly-CSharp.csproj", "{A5D3D708-CB73-FFB1-082A-E555C1E3B11B}"
EndProject
Global
	GlobalSection(SolutionConfigurationPlatforms) = preSolution
		Debug|Any CPU = Debug|Any CPU
		Release|Any CPU = Release|Any CPU
	EndGlobalSection
	GlobalSection(ProjectConfigurationPlatforms) = postSolution
		{A5D3D708-CB73-FFB1-082A-E555C1E3B11B}.Debug|Any CPU.ActiveCfg = Debug|Any CPU
		{A5D3D708-CB73-FFB1-082A-E555C1E3B11B}.Debug|Any CPU.Build.0 = Debug|Any CPU
		{A5D3D708-CB73-FFB1-082A-E555C1E3B11B}.Release|Any CPU.ActiveCfg = Release|Any CPU
		{A5D3D708-CB73-FFB1-082A-E555C1E3B11B}.Release|Any CPU.Build.0 = Release|Any CPU
	EndGlobalSection
	GlobalSection(SolutionProperties) = preSolution
		HideSolutionNode = FALSE
	EndGlobalSection
	GlobalSection(MonoDevelopProperties) = preSolution
		StartupItem = Assembly-CSharp.csproj
	EndGlobalSection
EndGlobal
